
Microsoft Visual Studio Solution File, Format Version 12.00
# Visual Studio Version 17
VisualStudioVersion = 17.11.35222.181
MinimumVisualStudioVersion = 10.0.40219.1
Project("{FAE04EC0-301F-11D3-BF4B-00C04F79EFBC}") = "ClinicSystem", "ClinicSystem\ClinicSystem.csproj", "{DDFF5F8B-4BBC-48A3-9CA8-1562F52E8428}"
EndProject
Global
	GlobalSection(SolutionConfigurationPlatforms) = preSolution
		Debug|Any CPU = Debug|Any CPU
		Release|Any CPU = Release|Any CPU
	EndGlobalSection
	GlobalSection(ProjectConfigurationPlatforms) = postSolution
		{DDFF5F8B-4BBC-48A3-9CA8-1562F52E8428}.Debug|Any CPU.ActiveCfg = Debug|Any CPU
		{DDFF5F8B-4BBC-48A3-9CA8-1562F52E8428}.Debug|Any CPU.Build.0 = Debug|Any CPU
		{DDFF5F8B-4BBC-48A3-9CA8-1562F52E8428}.Release|Any CPU.ActiveCfg = Release|Any CPU
		{DDFF5F8B-4BBC-48A3-9CA8-1562F52E8428}.Release|Any CPU.Build.0 = Release|Any CPU
	EndGlobalSection
	GlobalSection(SolutionProperties) = preSolution
		HideSolutionNode = FALSE
	EndGlobalSection
	GlobalSection(ExtensibilityGlobals) = postSolution
		SolutionGuid = {35EB0040-A886-433D-ADC8-A6175EB1C718}
	EndGlobalSection
EndGlobal
